
Microsoft Visual Studio Solution File, Format Version 12.00
# Visual Studio 2013
VisualStudioVersion = 12.0.21005.1
MinimumVisualStudioVersion = 10.0.40219.1
Project("{8BC9CEB8-8B4A-11D0-8D11-00A0C91BC942}") = "AVLTree的模拟实现", "AVLTree的模拟实现\AVLTree的模拟实现.vcxproj", "{996BC546-9B3C-4A9A-B670-B905BEA39AF4}"
EndProject
Global
	GlobalSection(SolutionConfigurationPlatforms) = preSolution
		Debug|Win32 = Debug|Win32
		Release|Win32 = Release|Win32
	EndGlobalSection
	GlobalSection(ProjectConfigurationPlatforms) = postSolution
		{996BC546-9B3C-4A9A-B670-B905BEA39AF4}.Debug|Win32.ActiveCfg = Debug|Win32
		{996BC546-9B3C-4A9A-B670-B905BEA39AF4}.Debug|Win32.Build.0 = Debug|Win32
		{996BC546-9B3C-4A9A-B670-B905BEA39AF4}.Release|Win32.ActiveCfg = Release|Win32
		{996BC546-9B3C-4A9A-B670-B905BEA39AF4}.Release|Win32.Build.0 = Release|Win32
	EndGlobalSection
	GlobalSection(SolutionProperties) = preSolution
		HideSolutionNode = FALSE
	EndGlobalSection
EndGlobal
