
Microsoft Visual Studio Solution File, Format Version 12.00
# Visual Studio 2013
VisualStudioVersion = 12.0.21005.1
MinimumVisualStudioVersion = 10.0.40219.1
Project("{8BC9CEB8-8B4A-11D0-8D11-00A0C91BC942}") = "特殊类设计之一个类，智能创建一个对象(单例模式)之饿汉模式", "特殊类设计之一个类，智能创建一个对象(单例模式)之饿汉模式\特殊类设计之一个类，智能创建一个对象(单例模式)之饿汉模式.vcxproj", "{46C0EB2A-6601-4782-A1EB-618942E56198}"
EndProject
Global
	GlobalSection(SolutionConfigurationPlatforms) = preSolution
		Debug|Win32 = Debug|Win32
		Release|Win32 = Release|Win32
	EndGlobalSection
	GlobalSection(ProjectConfigurationPlatforms) = postSolution
		{46C0EB2A-6601-4782-A1EB-618942E56198}.Debug|Win32.ActiveCfg = Debug|Win32
		{46C0EB2A-6601-4782-A1EB-618942E56198}.Debug|Win32.Build.0 = Debug|Win32
		{46C0EB2A-6601-4782-A1EB-618942E56198}.Release|Win32.ActiveCfg = Release|Win32
		{46C0EB2A-6601-4782-A1EB-618942E56198}.Release|Win32.Build.0 = Release|Win32
	EndGlobalSection
	GlobalSection(SolutionProperties) = preSolution
		HideSolutionNode = FALSE
	EndGlobalSection
EndGlobal
